
Microsoft Visual Studio Solution File, Format Version 12.00
# Visual Studio 14
VisualStudioVersion = 14.0.25420.1
MinimumVisualStudioVersion = 10.0.40219.1
Project("{FAE04EC0-301F-11D3-BF4B-00C04F79EFBC}") = "DinerMax3000Console", "DinerMax3000Console\DinerMax3000Console.csproj", "{3FCEC209-0DB1-48AE-872D-31C112B20BAB}"
EndProject
Project("{FAE04EC0-301F-11D3-BF4B-00C04F79EFBC}") = "Diner.Tests", "Diner.Tests\Diner.Tests.csproj", "{9351CDA6-5BCA-4801-9D9F-BBAE89632D10}"
EndProject
Global
	GlobalSection(SolutionConfigurationPlatforms) = preSolution
		Debug|Any CPU = Debug|Any CPU
		Release|Any CPU = Release|Any CPU
	EndGlobalSection
	GlobalSection(ProjectConfigurationPlatforms) = postSolution
		{3FCEC209-0DB1-48AE-872D-31C112B20BAB}.Debug|Any CPU.ActiveCfg = Debug|Any CPU
		{3FCEC209-0DB1-48AE-872D-31C112B20BAB}.Debug|Any CPU.Build.0 = Debug|Any CPU
		{3FCEC209-0DB1-48AE-872D-31C112B20BAB}.Release|Any CPU.ActiveCfg = Release|Any CPU
		{3FCEC209-0DB1-48AE-872D-31C112B20BAB}.Release|Any CPU.Build.0 = Release|Any CPU
		{9351CDA6-5BCA-4801-9D9F-BBAE89632D10}.Debug|Any CPU.ActiveCfg = Debug|Any CPU
		{9351CDA6-5BCA-4801-9D9F-BBAE89632D10}.Debug|Any CPU.Build.0 = Debug|Any CPU
		{9351CDA6-5BCA-4801-9D9F-BBAE89632D10}.Release|Any CPU.ActiveCfg = Release|Any CPU
		{9351CDA6-5BCA-4801-9D9F-BBAE89632D10}.Release|Any CPU.Build.0 = Release|Any CPU
	EndGlobalSection
	GlobalSection(SolutionProperties) = preSolution
		HideSolutionNode = FALSE
	EndGlobalSection
EndGlobal
